// !$*UTF8*$!
{
	archiveVersion = 1;
	classes = {
	};
	objectVersion = 46;
	objects = {

/* Begin PBXBuildFile section */
		AE215FED1CC3EC770099505F /* backgroundMusic.mp3 in Resources */ = {isa = PBXBuildFile; fileRef = AE215FE81CC3EC770099505F /* backgroundMusic.mp3 */; };
		AE215FEE1CC3EC770099505F /* hitCat.wav in Resources */ = {isa = PBXBuildFile; fileRef = AE215FE91CC3EC770099505F /* hitCat.wav */; };
		AE215FEF1CC3EC770099505F /* hitCatLady.wav in Resources */ = {isa = PBXBuildFile; fileRef = AE215FEA1CC3EC770099505F /* hitCatLady.wav */; };
		AE215FF01CC3EC770099505F /* lose.wav in Resources */ = {isa = PBXBuildFile; fileRef = AE215FEB1CC3EC770099505F /* lose.wav */; };
		AE215FF11CC3EC770099505F /* win.wav in Resources */ = {isa = PBXBuildFile; fileRef = AE215FEC1CC3EC770099505F /* win.wav */; };
		AE56DA181CC2D53C0076583C /* AppDelegate.swift in Sources */ = {isa = PBXBuildFile; fileRef = AE56DA171CC2D53C0076583C /* AppDelegate.swift */; };
		AE56DA1C1CC2D53C0076583C /* GameScene.swift in Sources */ = {isa = PBXBuildFile; fileRef = AE56DA1B1CC2D53C0076583C /* GameScene.swift */; };
		AE56DA1E1CC2D53C0076583C /* GameViewController.swift in Sources */ = {isa = PBXBuildFile; fileRef = AE56DA1D1CC2D53C0076583C /* GameViewController.swift */; };
		AE56DA211CC2D53C0076583C /* Main.storyboard in Resources */ = {isa = PBXBuildFile; fileRef = AE56DA1F1CC2D53C0076583C /* Main.storyboard */; };
		AE56DA231CC2D53C0076583C /* Assets.xcassets in Resources */ = {isa = PBXBuildFile; fileRef = AE56DA221CC2D53C0076583C /* Assets.xcassets */; };
		AE56DA261CC2D53C0076583C /* LaunchScreen.storyboard in Resources */ = {isa = PBXBuildFile; fileRef = AE56DA241CC2D53C0076583C /* LaunchScreen.storyboard */; };
		AE64F9891CC53443003C731D /* GameOverScene.swift in Sources */ = {isa = PBXBuildFile; fileRef = AE64F9881CC53443003C731D /* GameOverScene.swift */; };
		AE64F98B1CC53DE2003C731D /* MainMenuScene.swift in Sources */ = {isa = PBXBuildFile; fileRef = AE64F98A1CC53DE2003C731D /* MainMenuScene.swift */; };
		AEB464D61CC33B5F000D47DC /* MyUtils.swift in Sources */ = {isa = PBXBuildFile; fileRef = AEB464D51CC33B5F000D47DC /* MyUtils.swift */; };
/* End PBXBuildFile section */

/* Begin PBXFileReference section */
		AE215FE81CC3EC770099505F /* backgroundMusic.mp3 */ = {isa = PBXFileReference; lastKnownFileType = audio.mp3; path = backgroundMusic.mp3; sourceTree = "<group>"; };
		AE215FE91CC3EC770099505F /* hitCat.wav */ = {isa = PBXFileReference; lastKnownFileType = audio.wav; path = hitCat.wav; sourceTree = "<group>"; };
		AE215FEA1CC3EC770099505F /* hitCatLady.wav */ = {isa = PBXFileReference; lastKnownFileType = audio.wav; path = hitCatLady.wav; sourceTree = "<group>"; };
		AE215FEB1CC3EC770099505F /* lose.wav */ = {isa = PBXFileReference; lastKnownFileType = audio.wav; path = lose.wav; sourceTree = "<group>"; };
		AE215FEC1CC3EC770099505F /* win.wav */ = {isa = PBXFileReference; lastKnownFileType = audio.wav; path = win.wav; sourceTree = "<group>"; };
		AE56DA141CC2D53C0076583C /* Zombie-Conga.app */ = {isa = PBXFileReference; explicitFileType = wrapper.application; includeInIndex = 0; path = "Zombie-Conga.app"; sourceTree = BUILT_PRODUCTS_DIR; };
		AE56DA171CC2D53C0076583C /* AppDelegate.swift */ = {isa = PBXFileReference; lastKnownFileType = sourcecode.swift; path = AppDelegate.swift; sourceTree = "<group>"; };
		AE56DA1B1CC2D53C0076583C /* GameScene.swift */ = {isa = PBXFileReference; lastKnownFileType = sourcecode.swift; path = GameScene.swift; sourceTree = "<group>"; };
		AE56DA1D1CC2D53C0076583C /* GameViewController.swift */ = {isa = PBXFileReference; lastKnownFileType = sourcecode.swift; path = GameViewController.swift; sourceTree = "<group>"; };
		AE56DA201CC2D53C0076583C /* Base */ = {isa = PBXFileReference; lastKnownFileType = file.storyboard; name = Base; path = Base.lproj/Main.storyboard; sourceTree = "<group>"; };
		AE56DA221CC2D53C0076583C /* Assets.xcassets */ = {isa = PBXFileReference; lastKnownFileType = folder.assetcatalog; path = Assets.xcassets; sourceTree = "<group>"; };
		AE56DA251CC2D53C0076583C /* Base */ = {isa = PBXFileReference; lastKnownFileType = file.storyboard; name = Base; path = Base.lproj/LaunchScreen.storyboard; sourceTree = "<group>"; };
		AE56DA271CC2D53C0076583C /* Info.plist */ = {isa = PBXFileReference; lastKnownFileType = text.plist.xml; path = Info.plist; sourceTree = "<group>"; };
		AE64F9881CC53443003C731D /* GameOverScene.swift */ = {isa = PBXFileReference; fileEncoding = 4; lastKnownFileType = sourcecode.swift; path = GameOverScene.swift; sourceTree = "<group>"; };
		AE64F98A1CC53DE2003C731D /* MainMenuScene.swift */ = {isa = PBXFileReference; fileEncoding = 4; lastKnownFileType = sourcecode.swift; path = MainMenuScene.swift; sourceTree = "<group>"; };
		AEB464D51CC33B5F000D47DC /* MyUtils.swift */ = {isa = PBXFileReference; fileEncoding = 4; lastKnownFileType = sourcecode.swift; path = MyUtils.swift; sourceTree = "<group>"; };
/* End PBXFileReference section */

/* Begin PBXFrameworksBuildPhase section */
		AE56DA111CC2D53C0076583C /* Frameworks */ = {
			isa = PBXFrameworksBuildPhase;
			buildActionMask = 2147483647;
			files = (
			);
			runOnlyForDeploymentPostprocessing = 0;
		};
/* End PBXFrameworksBuildPhase section */

/* Begin PBXGroup section */
		AE56DA0B1CC2D53C0076583C = {
			isa = PBXGroup;
			children = (
				AE56DA161CC2D53C0076583C /* Zombie-Conga */,
				AE56DA151CC2D53C0076583C /* Products */,
			);
			sourceTree = "<group>";
		};
		AE56DA151CC2D53C0076583C /* Products */ = {
			isa = PBXGroup;
			children = (
				AE56DA141CC2D53C0076583C /* Zombie-Conga.app */,
			);
			name = Products;
			sourceTree = "<group>";
		};
		AE56DA161CC2D53C0076583C /* Zombie-Conga */ = {
			isa = PBXGroup;
			children = (
				AE215FE81CC3EC770099505F /* backgroundMusic.mp3 */,
				AE215FE91CC3EC770099505F /* hitCat.wav */,
				AE215FEA1CC3EC770099505F /* hitCatLady.wav */,
				AE215FEB1CC3EC770099505F /* lose.wav */,
				AE215FEC1CC3EC770099505F /* win.wav */,
				AE56DA171CC2D53C0076583C /* AppDelegate.swift */,
				AE56DA1B1CC2D53C0076583C /* GameScene.swift */,
				AE56DA1D1CC2D53C0076583C /* GameViewController.swift */,
				AE56DA1F1CC2D53C0076583C /* Main.storyboard */,
				AE56DA221CC2D53C0076583C /* Assets.xcassets */,
				AE56DA241CC2D53C0076583C /* LaunchScreen.storyboard */,
				AE56DA271CC2D53C0076583C /* Info.plist */,
				AEB464D51CC33B5F000D47DC /* MyUtils.swift */,
				AE64F9881CC53443003C731D /* GameOverScene.swift */,
				AE64F98A1CC53DE2003C731D /* MainMenuScene.swift */,
			);
			path = "Zombie-Conga";
			sourceTree = "<group>";
		};
/* End PBXGroup section */

/* Begin PBXNativeTarget section */
		AE56DA131CC2D53C0076583C /* Zombie-Conga */ = {
			isa = PBXNativeTarget;
			buildConfigurationList = AE56DA2A1CC2D53C0076583C /* Build configuration list for PBXNativeTarget "Zombie-Conga" */;
			buildPhases = (
				AE56DA101CC2D53C0076583C /* Sources */,
				AE56DA111CC2D53C0076583C /* Frameworks */,
				AE56DA121CC2D53C0076583C /* Resources */,
			);
			buildRules = (
			);
			dependencies = (
			);
			name = "Zombie-Conga";
			productName = "Zombie-Conga";
			productReference = AE56DA141CC2D53C0076583C /* Zombie-Conga.app */;
			productType = "com.apple.product-type.application";
		};
/* End PBXNativeTarget section */

/* Begin PBXProject section */
		AE56DA0C1CC2D53C0076583C /* Project object */ = {
			isa = PBXProject;
			attributes = {
				LastSwiftUpdateCheck = 0730;
				LastUpgradeCheck = 0730;
				ORGANIZATIONNAME = "Eddie Keller";
				TargetAttributes = {
					AE56DA131CC2D53C0076583C = {
						CreatedOnToolsVersion = 7.3;
					};
				};
			};
			buildConfigurationList = AE56DA0F1CC2D53C0076583C /* Build configuration list for PBXProject "Zombie-Conga" */;
			compatibilityVersion = "Xcode 3.2";
			developmentRegion = English;
			hasScannedForEncodings = 0;
			knownRegions = (
				en,
				Base,
			);
			mainGroup = AE56DA0B1CC2D53C0076583C;
			productRefGroup = AE56DA151CC2D53C0076583C /* Products */;
			projectDirPath = "";
			projectRoot = "";
			targets = (
				AE56DA131CC2D53C0076583C /* Zombie-Conga */,
			);
		};
/* End PBXProject section */

/* Begin PBXResourcesBuildPhase section */
		AE56DA121CC2D53C0076583C /* Resources */ = {
			isa = PBXResourcesBuildPhase;
			buildActionMask = 2147483647;
			files = (
				AE56DA261CC2D53C0076583C /* LaunchScreen.storyboard in Resources */,
				AE215FF11CC3EC770099505F /* win.wav in Resources */,
				AE215FEE1CC3EC770099505F /* hitCat.wav in Resources */,
				AE56DA231CC2D53C0076583C /* Assets.xcassets in Resources */,
				AE215FF01CC3EC770099505F /* lose.wav in Resources */,
				AE215FEF1CC3EC770099505F /* hitCatLady.wav in Resources */,
				AE215FED1CC3EC770099505F /* backgroundMusic.mp3 in Resources */,
				AE56DA211CC2D53C0076583C /* Main.storyboard in Resources */,
			);
			runOnlyForDeploymentPostprocessing = 0;
		};
/* End PBXResourcesBuildPhase section */

/* Begin PBXSourcesBuildPhase section */
		AE56DA101CC2D53C0076583C /* Sources */ = {
			isa = PBXSourcesBuildPhase;
			buildActionMask = 2147483647;
			files = (
				AE64F98B1CC53DE2003C731D /* MainMenuScene.swift in Sources */,
				AE64F9891CC53443003C731D /* GameOverScene.swift in Sources */,
				AE56DA1C1CC2D53C0076583C /* GameScene.swift in Sources */,
				AE56DA1E1CC2D53C0076583C /* GameViewController.swift in Sources */,
				AE56DA181CC2D53C0076583C /* AppDelegate.swift in Sources */,
				AEB464D61CC33B5F000D47DC /* MyUtils.swift in Sources */,
			);
			runOnlyForDeploymentPostprocessing = 0;
		};
/* End PBXSourcesBuildPhase section */

/* Begin PBXVariantGroup section */
		AE56DA1F1CC2D53C0076583C /* Main.storyboard */ = {
			isa = PBXVariantGroup;
			children = (
				AE56DA201CC2D53C0076583C /* Base */,
			);
			name = Main.storyboard;
			sourceTree = "<group>";
		};
		AE56DA241CC2D53C0076583C /* LaunchScreen.storyboard */ = {
			isa = PBXVariantGroup;
			children = (
				AE56DA251CC2D53C0076583C /* Base */,
			);
			name = LaunchScreen.storyboard;
			sourceTree = "<group>";
		};
/* End PBXVariantGroup section */

/* Begin XCBuildConfiguration section */
		AE56DA281CC2D53C0076583C /* Debug */ = {
			isa = XCBuildConfiguration;
			buildSettings = {
				ALWAYS_SEARCH_USER_PATHS = NO;
				CLANG_ANALYZER_NONNULL = YES;
				CLANG_CXX_LANGUAGE_STANDARD = "gnu++0x";
				CLANG_CXX_LIBRARY = "libc++";
				CLANG_ENABLE_MODULES = YES;
				CLANG_ENABLE_OBJC_ARC = YES;
				CLANG_WARN_BOOL_CONVERSION = YES;
				CLANG_WARN_CONSTANT_CONVERSION = YES;
				CLANG_WARN_DIRECT_OBJC_ISA_USAGE = YES_ERROR;
				CLANG_WARN_EMPTY_BODY = YES;
				CLANG_WARN_ENUM_CONVERSION = YES;
				CLANG_WARN_INT_CONVERSION = YES;
				CLANG_WARN_OBJC_ROOT_CLASS = YES_ERROR;
				CLANG_WARN_UNREACHABLE_CODE = YES;
				CLANG_WARN__DUPLICATE_METHOD_MATCH = YES;
				"CODE_SIGN_IDENTITY[sdk=iphoneos*]" = "iPhone Developer";
				COPY_PHASE_STRIP = NO;
				DEBUG_INFORMATION_FORMAT = "dwarf-with-dsym";
				ENABLE_STRICT_OBJC_MSGSEND = YES;
				ENABLE_TESTABILITY = YES;
				GCC_C_LANGUAGE_STANDARD = gnu99;
				GCC_DYNAMIC_NO_PIC = NO;
				GCC_NO_COMMON_BLOCKS = YES;
				GCC_OPTIMIZATION_LEVEL = 0;
				GCC_PREPROCESSOR_DEFINITIONS = (
					"DEBUG=1",
					"$(inherited)",
				);
				GCC_WARN_64_TO_32_BIT_CONVERSION = YES;
				GCC_WARN_ABOUT_RETURN_TYPE = YES_ERROR;
				GCC_WARN_UNDECLARED_SELECTOR = YES;
				GCC_WARN_UNINITIALIZED_AUTOS = YES_AGGRESSIVE;
				GCC_WARN_UNUSED_FUNCTION = YES;
				GCC_WARN_UNUSED_VARIABLE = YES;
				IPHONEOS_DEPLOYMENT_TARGET = 9.3;
				MTL_ENABLE_DEBUG_INFO = YES;
				ONLY_ACTIVE_ARCH = YES;
				SDKROOT = iphoneos;
				SWIFT_OPTIMIZATION_LEVEL = "-Onone";
				TARGETED_DEVICE_FAMILY = "1,2";
			};
			name = Debug;
		};
		AE56DA291CC2D53C0076583C /* Release */ = {
			isa = XCBuildConfiguration;
			buildSettings = {
				ALWAYS_SEARCH_USER_PATHS = NO;
				CLANG_ANALYZER_NONNULL = YES;
				CLANG_CXX_LANGUAGE_STANDARD = "gnu++0x";
				CLANG_CXX_LIBRARY = "libc++";
				CLANG_ENABLE_MODULES = YES;
				CLANG_ENABLE_OBJC_ARC = YES;
				CLANG_WARN_BOOL_CONVERSION = YES;
				CLANG_WARN_CONSTANT_CONVERSION = YES;
				CLANG_WARN_DIRECT_OBJC_ISA_USAGE = YES_ERROR;
				CLANG_WARN_EMPTY_BODY = YES;
				CLANG_WARN_ENUM_CONVERSION = YES;
				CLANG_WARN_INT_CONVERSION = YES;
				CLANG_WARN_OBJC_ROOT_CLASS = YES_ERROR;
				CLANG_WARN_UNREACHABLE_CODE = YES;
				CLANG_WARN__DUPLICATE_METHOD_MATCH = YES;
				"CODE_SIGN_IDENTITY[sdk=iphoneos*]" = "iPhone Developer";
				COPY_PHASE_STRIP = NO;
				DEBUG_INFORMATION_FORMAT = "dwarf-with-dsym";
				ENABLE_NS_ASSERTIONS = NO;
				ENABLE_STRICT_OBJC_MSGSEND = YES;
				GCC_C_LANGUAGE_STANDARD = gnu99;
				GCC_NO_COMMON_BLOCKS = YES;
				GCC_WARN_64_TO_32_BIT_CONVERSION = YES;
				GCC_WARN_ABOUT_RETURN_TYPE = YES_ERROR;
				GCC_WARN_UNDECLARED_SELECTOR = YES;
				GCC_WARN_UNINITIALIZED_AUTOS = YES_AGGRESSIVE;
				GCC_WARN_UNUSED_FUNCTION = YES;
				GCC_WARN_UNUSED_VARIABLE = YES;
				IPHONEOS_DEPLOYMENT_TARGET = 9.3;
				MTL_ENABLE_DEBUG_INFO = NO;
				SDKROOT = iphoneos;
				TARGETED_DEVICE_FAMILY = "1,2";
				VALIDATE_PRODUCT = YES;
			};
			name = Release;
		};
		AE56DA2B1CC2D53C0076583C /* Debug */ = {
			isa = XCBuildConfiguration;
			buildSettings = {
				ASSETCATALOG_COMPILER_APPICON_NAME = AppIcon;
				INFOPLIST_FILE = "Zombie-Conga/Info.plist";
				LD_RUNPATH_SEARCH_PATHS = "$(inherited) @executable_path/Frameworks";
				PRODUCT_BUNDLE_IDENTIFIER = "com.keller.Zombie-Conga";
				PRODUCT_NAME = "$(TARGET_NAME)";
			};
			name = Debug;
		};
		AE56DA2C1CC2D53C0076583C /* Release */ = {
			isa = XCBuildConfiguration;
			buildSettings = {
				ASSETCATALOG_COMPILER_APPICON_NAME = AppIcon;
				INFOPLIST_FILE = "Zombie-Conga/Info.plist";
				LD_RUNPATH_SEARCH_PATHS = "$(inherited) @executable_path/Frameworks";
				PRODUCT_BUNDLE_IDENTIFIER = "com.keller.Zombie-Conga";
				PRODUCT_NAME = "$(TARGET_NAME)";
			};
			name = Release;
		};
/* End XCBuildConfiguration section */

/* Begin XCConfigurationList section */
		AE56DA0F1CC2D53C0076583C /* Build configuration list for PBXProject "Zombie-Conga" */ = {
			isa = XCConfigurationList;
			buildConfigurations = (
				AE56DA281CC2D53C0076583C /* Debug */,
				AE56DA291CC2D53C0076583C /* Release */,
			);
			defaultConfigurationIsVisible = 0;
			defaultConfigurationName = Release;
		};
		AE56DA2A1CC2D53C0076583C /* Build configuration list for PBXNativeTarget "Zombie-Conga" */ = {
			isa = XCConfigurationList;
			buildConfigurations = (
				AE56DA2B1CC2D53C0076583C /* Debug */,
				AE56DA2C1CC2D53C0076583C /* Release */,
			);
			defaultConfigurationIsVisible = 0;
			defaultConfigurationName = Release;
		};
/* End XCConfigurationList section */
	};
	rootObject = AE56DA0C1CC2D53C0076583C /* Project object */;
}
